{
  "object": {
    "pins": [
      {
        "package": "Codextended",
        "repositoryURL": "https://github.com/JohnSundell/Codextended.git",
        "state": {
          "branch": null,
          "revision": "8d7c46dfc9c55240870cf5561d6cefa41e3d7105",
          "version": "0.3.0"
        }
      },
      {
        "package": "PathKit",
        "repositoryURL": "https://github.com/loopwerk/PathKit",
        "state": {
          "branch": null,
          "revision": "a77fe683402ecfe2dfa9fa18e7aaca1a9f806f40",
          "version": "1.2.0"
        }
      },
      {
        "package": "PythonKit",
        "repositoryURL": "https://github.com/pvieito/PythonKit.git",
        "state": {
          "branch": null,
          "revision": "839ef68d9fe5c85ab212272fffbe54e229374d5c",
          "version": "0.1.1"
        }
      },
      {
        "package": "Saga",
        "repositoryURL": "https://github.com/loopwerk/Saga.git",
        "state": {
          "branch": null,
          "revision": "05557bf7385195fc04bc1ec8d6a5a556b972a660",
          "version": "1.0.0"
        }
      },
      {
        "package": "Spectre",
        "repositoryURL": "https://github.com/kylef/Spectre.git",
        "state": {
          "branch": null,
          "revision": "26cc5e9ae0947092c7139ef7ba612e34646086c7",
          "version": "0.10.1"
        }
      },
      {
        "package": "SwiftMarkdown",
        "repositoryURL": "https://github.com/loopwerk/SwiftMarkdown",
        "state": {
          "branch": null,
          "revision": "6c3f4cd38c24d88016367f8775112b2c7af287d3",
          "version": "0.4.0"
        }
      }
    ]
  },
  "version": 1
}
